
Microsoft Visual Studio Solution File, Format Version 12.00
# Visual Studio Version 17
VisualStudioVersion = 17.11.35208.52
MinimumVisualStudioVersion = 10.0.40219.1
Project("{FAE04EC0-301F-11D3-BF4B-00C04F79EFBC}") = "TIENDA", "TIENDA\TIENDA.csproj", "{5162CE40-484C-4283-A809-830795B55B8F}"
EndProject
Global
	GlobalSection(SolutionConfigurationPlatforms) = preSolution
		Debug|Any CPU = Debug|Any CPU
		Release|Any CPU = Release|Any CPU
	EndGlobalSection
	GlobalSection(ProjectConfigurationPlatforms) = postSolution
		{5162CE40-484C-4283-A809-830795B55B8F}.Debug|Any CPU.ActiveCfg = Debug|Any CPU
		{5162CE40-484C-4283-A809-830795B55B8F}.Debug|Any CPU.Build.0 = Debug|Any CPU
		{5162CE40-484C-4283-A809-830795B55B8F}.Release|Any CPU.ActiveCfg = Release|Any CPU
		{5162CE40-484C-4283-A809-830795B55B8F}.Release|Any CPU.Build.0 = Release|Any CPU
	EndGlobalSection
	GlobalSection(SolutionProperties) = preSolution
		HideSolutionNode = FALSE
	EndGlobalSection
	GlobalSection(ExtensibilityGlobals) = postSolution
		SolutionGuid = {615FCB44-C63A-435B-968E-E70FA3E1D0F3}
	EndGlobalSection
EndGlobal
