
Microsoft Visual Studio Solution File, Format Version 12.00
# Visual Studio Version 17
VisualStudioVersion = 17.11.35208.52
MinimumVisualStudioVersion = 10.0.40219.1
Project("{FAE04EC0-301F-11D3-BF4B-00C04F79EFBC}") = "Tienda2", "Tienda2.csproj", "{C2AFC763-C99D-4EC8-A6E3-826AC30123A8}"
EndProject
Global
	GlobalSection(SolutionConfigurationPlatforms) = preSolution
		Debug|Any CPU = Debug|Any CPU
		Release|Any CPU = Release|Any CPU
	EndGlobalSection
	GlobalSection(ProjectConfigurationPlatforms) = postSolution
		{C2AFC763-C99D-4EC8-A6E3-826AC30123A8}.Debug|Any CPU.ActiveCfg = Debug|Any CPU
		{C2AFC763-C99D-4EC8-A6E3-826AC30123A8}.Debug|Any CPU.Build.0 = Debug|Any CPU
		{C2AFC763-C99D-4EC8-A6E3-826AC30123A8}.Release|Any CPU.ActiveCfg = Release|Any CPU
		{C2AFC763-C99D-4EC8-A6E3-826AC30123A8}.Release|Any CPU.Build.0 = Release|Any CPU
	EndGlobalSection
	GlobalSection(SolutionProperties) = preSolution
		HideSolutionNode = FALSE
	EndGlobalSection
	GlobalSection(ExtensibilityGlobals) = postSolution
		SolutionGuid = {B01496DA-FC4A-4C09-923C-EC7E97844492}
	EndGlobalSection
EndGlobal
